<?xml version="1.0" encoding="utf-8"?>
<Project ToolsVersion="4.0" xmlns="http://schemas.microsoft.com/developer/msbuild/2003">
  <ItemGroup>
    <Filter Include="Source Files">
      <UniqueIdentifier>{4FC737F1-C7A5-4376-A066-2A32D752A2FF}</UniqueIdentifier>
      <Extensions>cpp;c;cc;cxx;c++;cppm;ixx;def;odl;idl;hpj;bat;asm;asmx</Extensions>
    </Filter>
    <Filter Include="Header Files">
      <UniqueIdentifier>{93995380-89BD-4b04-88EB-625FBE52EBFB}</UniqueIdentifier>
      <Extensions>h;hh;hpp;hxx;h++;hm;inl;inc;ipp;xsd</Extensions>
    </Filter>
    <Filter Include="Resource Files">
      <UniqueIdentifier>{67DA6AB6-F800-4c08-8B7A-83BB121AAD01}</UniqueIdentifier>
      <Extensions>rc;ico;cur;bmp;dlg;rc2;rct;bin;rgs;gif;jpg;jpeg;jpe;resx;tiff;tif;png;wav;mfcribbon-ms</Extensions>
    </Filter>
  </ItemGroup>
  <ItemGroup>
    <ClCompile Include="src\main.cpp">
      <Filter>Source Files</Filter>
    </ClCompile>
    <ClCompile Include="src\bu\utilities.cpp">
      <Filter>Source Files</Filter>
    </ClCompile>
    <ClCompile Include="src\lexer\lexer.cpp">
      <Filter>Source Files</Filter>
    </ClCompile>
    <ClCompile Include="src\tests\lexer_test.cpp">
      <Filter>Source Files</Filter>
    </ClCompile>
    <ClCompile Include="src\lexer\token_formatting.cpp">
      <Filter>Source Files</Filter>
    </ClCompile>
    <ClCompile Include="src\ast\ast_formatting.cpp">
      <Filter>Source Files</Filter>
    </ClCompile>
    <ClCompile Include="src\parser\parser.cpp">
      <Filter>Source Files</Filter>
    </ClCompile>
    <ClCompile Include="src\tests\parser_test.cpp">
      <Filter>Source Files</Filter>
    </ClCompile>
    <ClCompile Include="src\parser\internals\parse_expression.cpp">
      <Filter>Source Files</Filter>
    </ClCompile>
    <ClCompile Include="src\parser\internals\parse_pattern.cpp">
      <Filter>Source Files</Filter>
    </ClCompile>
    <ClCompile Include="src\parser\internals\parse_type.cpp">
      <Filter>Source Files</Filter>
    </ClCompile>
    <ClCompile Include="src\bu\source.cpp">
      <Filter>Source Files</Filter>
    </ClCompile>
    <ClCompile Include="src\bu\textual_error.cpp">
      <Filter>Source Files</Filter>
    </ClCompile>
    <ClCompile Include="src\bu\color.cpp">
      <Filter>Source Files</Filter>
    </ClCompile>
    <ClCompile Include="src\vm\virtual_machine.cpp">
      <Filter>Source Files</Filter>
    </ClCompile>
    <ClCompile Include="src\vm\vm_formatting.cpp">
      <Filter>Source Files</Filter>
    </ClCompile>
    <ClCompile Include="src\tests\vm_test.cpp">
      <Filter>Source Files</Filter>
    </ClCompile>
    <ClCompile Include="src\ast\nodes\namespace.cpp">
      <Filter>Source Files</Filter>
    </ClCompile>
    <ClCompile Include="src\tests\tests.cpp">
      <Filter>Source Files</Filter>
    </ClCompile>
    <ClCompile Include="src\compiler\size_of.cpp">
      <Filter>Source Files</Filter>
    </ClCompile>
    <ClCompile Include="src\compiler\type_of.cpp">
      <Filter>Source Files</Filter>
    </ClCompile>
    <ClCompile Include="src\compiler\scope.cpp">
      <Filter>Source Files</Filter>
    </ClCompile>
    <ClCompile Include="src\compiler\compiler.cpp">
      <Filter>Source Files</Filter>
    </ClCompile>
  </ItemGroup>
  <ItemGroup>
    <ClInclude Include="src\bu\utilities.hpp">
      <Filter>Header Files</Filter>
    </ClInclude>
    <ClInclude Include="src\bu\disable_unnecessary_warnings.hpp">
      <Filter>Header Files</Filter>
    </ClInclude>
    <ClInclude Include="src\lexer\token.hpp">
      <Filter>Header Files</Filter>
    </ClInclude>
    <ClInclude Include="src\lexer\lexer.hpp">
      <Filter>Header Files</Filter>
    </ClInclude>
    <ClInclude Include="src\lexer\token_formatting.hpp">
      <Filter>Header Files</Filter>
    </ClInclude>
    <ClInclude Include="src\bu\wrapper.hpp">
      <Filter>Header Files</Filter>
    </ClInclude>
    <ClInclude Include="src\ast\ast.hpp">
      <Filter>Header Files</Filter>
    </ClInclude>
    <ClInclude Include="src\ast\nodes\expression.hpp">
      <Filter>Header Files</Filter>
    </ClInclude>
    <ClInclude Include="src\ast\nodes\pattern.hpp">
      <Filter>Header Files</Filter>
    </ClInclude>
    <ClInclude Include="src\ast\nodes\type.hpp">
      <Filter>Header Files</Filter>
    </ClInclude>
    <ClInclude Include="src\ast\nodes\definition.hpp">
      <Filter>Header Files</Filter>
    </ClInclude>
    <ClInclude Include="src\ast\ast_formatting.hpp">
      <Filter>Header Files</Filter>
    </ClInclude>
    <ClInclude Include="src\bu\pooled_string.hpp">
      <Filter>Header Files</Filter>
    </ClInclude>
    <ClInclude Include="src\parser\parser.hpp">
      <Filter>Header Files</Filter>
    </ClInclude>
    <ClInclude Include="src\parser\internals\parser_internals.hpp">
      <Filter>Header Files</Filter>
    </ClInclude>
    <ClInclude Include="src\bu\source.hpp">
      <Filter>Header Files</Filter>
    </ClInclude>
    <ClInclude Include="src\bu\textual_error.hpp">
      <Filter>Header Files</Filter>
    </ClInclude>
    <ClInclude Include="src\bu\color.hpp">
      <Filter>Header Files</Filter>
    </ClInclude>
    <ClInclude Include="src\bu\uninitialized.hpp">
      <Filter>Header Files</Filter>
    </ClInclude>
    <ClInclude Include="src\bu\noisy.hpp">
      <Filter>Header Files</Filter>
    </ClInclude>
    <ClInclude Include="src\bu\bytestack.hpp">
      <Filter>Header Files</Filter>
    </ClInclude>
    <ClInclude Include="src\vm\virtual_machine.hpp">
      <Filter>Header Files</Filter>
    </ClInclude>
    <ClInclude Include="src\vm\bytecode.hpp">
      <Filter>Header Files</Filter>
    </ClInclude>
    <ClInclude Include="src\vm\opcode.hpp">
      <Filter>Header Files</Filter>
    </ClInclude>
    <ClInclude Include="src\vm\vm_formatting.hpp">
      <Filter>Header Files</Filter>
    </ClInclude>
    <ClInclude Include="src\ast\nodes\namespace.hpp">
      <Filter>Header Files</Filter>
    </ClInclude>
    <ClInclude Include="src\tests\tests.hpp">
      <Filter>Header Files</Filter>
    </ClInclude>
    <ClInclude Include="src\bu\flatmap.hpp">
      <Filter>Header Files</Filter>
    </ClInclude>
    <ClInclude Include="src\compiler\codegen_internals.hpp">
      <Filter>Header Files</Filter>
    </ClInclude>
    <ClInclude Include="src\compiler\compiler.hpp">
      <Filter>Header Files</Filter>
    </ClInclude>
    <ClInclude Include="src\bu\timer.hpp">
      <Filter>Header Files</Filter>
    </ClInclude>
  </ItemGroup>
</Project>